
Microsoft Visual Studio Solution File, Format Version 12.00
# Visual Studio Version 17
VisualStudioVersion = 17.0.31903.59
MinimumVisualStudioVersion = 10.0.40219.1
Project("{FAE04EC0-301F-11D3-BF4B-00C04F79EFBC}") = "GestureSign.PointPatterns", "GestureSign.PointPatterns\GestureSign.PointPatterns.csproj", "{4F54BFDF-3516-4261-89F3-271A3724F5EB}"
EndProject
Project("{FAE04EC0-301F-11D3-BF4B-00C04F79EFBC}") = "ManagedWinapi", "ManagedWinapi\ManagedWinapi.csproj", "{E877A51A-8CD0-428B-913B-D65077AE97D2}"
EndProject
Project("{FAE04EC0-301F-11D3-BF4B-00C04F79EFBC}") = "WindowsInput", "WindowsInput\WindowsInput.csproj", "{42C7BF69-8157-4F45-BEAA-1263F01B1E91}"
EndProject
Project("{FAE04EC0-301F-11D3-BF4B-00C04F79EFBC}") = "GestureSign.Common", "GestureSign.Common\GestureSign.Common.csproj", "{DCD630C0-FC5B-460F-9B0D-8F6297F6597A}"
EndProject
Project("{FAE04EC0-301F-11D3-BF4B-00C04F79EFBC}") = "GestureSign.CorePlugins", "GestureSign.CorePlugins\GestureSign.CorePlugins.csproj", "{CBCDF110-CDE1-4C5E-96D6-558F8654243A}"
EndProject
Project("{2150E333-8FDC-42A3-9474-1A3956D46DE8}") = "GestureSign.ExtraPlugins", "GestureSign.ExtraPlugins", "{21DDE532-9FAB-9112-9143-3CB48A7E573E}"
EndProject
Project("{FAE04EC0-301F-11D3-BF4B-00C04F79EFBC}") = "ClipboardMatch", "GestureSign.ExtraPlugins\ClipboardMatch\ClipboardMatch.csproj", "{9B7CDB33-3D6E-4320-9012-1FBB0C2CAF01}"
EndProject
Project("{FAE04EC0-301F-11D3-BF4B-00C04F79EFBC}") = "TextCopyer", "GestureSign.ExtraPlugins\TextCopyer\TextCopyer.csproj", "{2C7DC797-4743-4C69-A4B8-A4A039023347}"
EndProject
Project("{FAE04EC0-301F-11D3-BF4B-00C04F79EFBC}") = "GestureSign.Daemon", "GestureSign.Daemon\GestureSign.Daemon.csproj", "{19813951-BEA0-4F9A-BDCE-5877270E1D76}"
EndProject
Project("{FAE04EC0-301F-11D3-BF4B-00C04F79EFBC}") = "GestureSign.WinUI", "GestureSign.WinUI\GestureSign.WinUI.csproj", "{61593616-7E68-4905-A935-6A403C128B90}"
EndProject
Project("{2150E333-8FDC-42A3-9474-1A3956D46DE8}") = "installer", "installer", "{1860D2E4-5C43-71D5-59A5-599A4DE1DF67}"
EndProject
Project("{2150E333-8FDC-42A3-9474-1A3956D46DE8}") = "Uninstaller", "Uninstaller", "{6F256C11-90FF-CC31-07AB-903F828D5B49}"
EndProject
Project("{FAE04EC0-301F-11D3-BF4B-00C04F79EFBC}") = "GestureSign.Uninstaller", "installer\Uninstaller\GestureSign.Uninstaller.csproj", "{8052BF57-7A06-4F8F-8C58-E71BBBA14DF5}"
EndProject
Project("{2150E333-8FDC-42A3-9474-1A3956D46DE8}") = "Updater", "Updater", "{93864F3D-EF13-C432-AFD6-DB37FE7F323E}"
EndProject
Project("{FAE04EC0-301F-11D3-BF4B-00C04F79EFBC}") = "GestureSign.Updater", "installer\Updater\GestureSign.Updater.csproj", "{19865EC6-3D8F-43F7-90A1-7CB1188E2E26}"
EndProject
Global
	GlobalSection(SolutionConfigurationPlatforms) = preSolution
		Debug|x64 = Debug|x64
		Release|x64 = Release|x64
	EndGlobalSection
	GlobalSection(ProjectConfigurationPlatforms) = postSolution
		{4F54BFDF-3516-4261-89F3-271A3724F5EB}.Debug|x64.ActiveCfg = Debug|x64
		{4F54BFDF-3516-4261-89F3-271A3724F5EB}.Debug|x64.Build.0 = Debug|x64
		{4F54BFDF-3516-4261-89F3-271A3724F5EB}.Release|x64.ActiveCfg = Release|x64
		{4F54BFDF-3516-4261-89F3-271A3724F5EB}.Release|x64.Build.0 = Release|x64
		{E877A51A-8CD0-428B-913B-D65077AE97D2}.Debug|x64.ActiveCfg = Debug|x64
		{E877A51A-8CD0-428B-913B-D65077AE97D2}.Debug|x64.Build.0 = Debug|x64
		{E877A51A-8CD0-428B-913B-D65077AE97D2}.Release|x64.ActiveCfg = Release|x64
		{E877A51A-8CD0-428B-913B-D65077AE97D2}.Release|x64.Build.0 = Release|x64
		{42C7BF69-8157-4F45-BEAA-1263F01B1E91}.Debug|x64.ActiveCfg = Debug|x64
		{42C7BF69-8157-4F45-BEAA-1263F01B1E91}.Debug|x64.Build.0 = Debug|x64
		{42C7BF69-8157-4F45-BEAA-1263F01B1E91}.Release|x64.ActiveCfg = Release|x64
		{42C7BF69-8157-4F45-BEAA-1263F01B1E91}.Release|x64.Build.0 = Release|x64
		{DCD630C0-FC5B-460F-9B0D-8F6297F6597A}.Debug|x64.ActiveCfg = Debug|x64
		{DCD630C0-FC5B-460F-9B0D-8F6297F6597A}.Debug|x64.Build.0 = Debug|x64
		{DCD630C0-FC5B-460F-9B0D-8F6297F6597A}.Release|x64.ActiveCfg = Release|x64
		{DCD630C0-FC5B-460F-9B0D-8F6297F6597A}.Release|x64.Build.0 = Release|x64
		{CBCDF110-CDE1-4C5E-96D6-558F8654243A}.Debug|x64.ActiveCfg = Debug|x64
		{CBCDF110-CDE1-4C5E-96D6-558F8654243A}.Debug|x64.Build.0 = Debug|x64
		{CBCDF110-CDE1-4C5E-96D6-558F8654243A}.Release|x64.ActiveCfg = Release|x64
		{CBCDF110-CDE1-4C5E-96D6-558F8654243A}.Release|x64.Build.0 = Release|x64
		{9B7CDB33-3D6E-4320-9012-1FBB0C2CAF01}.Debug|x64.ActiveCfg = Debug|x64
		{9B7CDB33-3D6E-4320-9012-1FBB0C2CAF01}.Debug|x64.Build.0 = Debug|x64
		{9B7CDB33-3D6E-4320-9012-1FBB0C2CAF01}.Release|x64.ActiveCfg = Release|x64
		{9B7CDB33-3D6E-4320-9012-1FBB0C2CAF01}.Release|x64.Build.0 = Release|x64
		{2C7DC797-4743-4C69-A4B8-A4A039023347}.Debug|x64.ActiveCfg = Debug|x64
		{2C7DC797-4743-4C69-A4B8-A4A039023347}.Debug|x64.Build.0 = Debug|x64
		{2C7DC797-4743-4C69-A4B8-A4A039023347}.Release|x64.ActiveCfg = Release|x64
		{2C7DC797-4743-4C69-A4B8-A4A039023347}.Release|x64.Build.0 = Release|x64
		{19813951-BEA0-4F9A-BDCE-5877270E1D76}.Debug|x64.ActiveCfg = Debug|x64
		{19813951-BEA0-4F9A-BDCE-5877270E1D76}.Debug|x64.Build.0 = Debug|x64
		{19813951-BEA0-4F9A-BDCE-5877270E1D76}.Release|x64.ActiveCfg = Release|x64
		{19813951-BEA0-4F9A-BDCE-5877270E1D76}.Release|x64.Build.0 = Release|x64
		{61593616-7E68-4905-A935-6A403C128B90}.Debug|x64.ActiveCfg = Debug|x64
		{61593616-7E68-4905-A935-6A403C128B90}.Debug|x64.Build.0 = Debug|x64
		{61593616-7E68-4905-A935-6A403C128B90}.Release|x64.ActiveCfg = Release|x64
		{61593616-7E68-4905-A935-6A403C128B90}.Release|x64.Build.0 = Release|x64
		{8052BF57-7A06-4F8F-8C58-E71BBBA14DF5}.Debug|x64.ActiveCfg = Debug|x64
		{8052BF57-7A06-4F8F-8C58-E71BBBA14DF5}.Debug|x64.Build.0 = Debug|x64
		{8052BF57-7A06-4F8F-8C58-E71BBBA14DF5}.Release|x64.ActiveCfg = Release|x64
		{8052BF57-7A06-4F8F-8C58-E71BBBA14DF5}.Release|x64.Build.0 = Release|x64
		{19865EC6-3D8F-43F7-90A1-7CB1188E2E26}.Debug|x64.ActiveCfg = Debug|x64
		{19865EC6-3D8F-43F7-90A1-7CB1188E2E26}.Debug|x64.Build.0 = Debug|x64
		{19865EC6-3D8F-43F7-90A1-7CB1188E2E26}.Release|x64.ActiveCfg = Release|x64
		{19865EC6-3D8F-43F7-90A1-7CB1188E2E26}.Release|x64.Build.0 = Release|x64
	EndGlobalSection
	GlobalSection(SolutionProperties) = preSolution
		HideSolutionNode = FALSE
	EndGlobalSection
	GlobalSection(NestedProjects) = preSolution
		{9B7CDB33-3D6E-4320-9012-1FBB0C2CAF01} = {21DDE532-9FAB-9112-9143-3CB48A7E573E}
		{2C7DC797-4743-4C69-A4B8-A4A039023347} = {21DDE532-9FAB-9112-9143-3CB48A7E573E}
		{6F256C11-90FF-CC31-07AB-903F828D5B49} = {1860D2E4-5C43-71D5-59A5-599A4DE1DF67}
		{8052BF57-7A06-4F8F-8C58-E71BBBA14DF5} = {6F256C11-90FF-CC31-07AB-903F828D5B49}
		{93864F3D-EF13-C432-AFD6-DB37FE7F323E} = {1860D2E4-5C43-71D5-59A5-599A4DE1DF67}
		{19865EC6-3D8F-43F7-90A1-7CB1188E2E26} = {93864F3D-EF13-C432-AFD6-DB37FE7F323E}
	EndGlobalSection
EndGlobal
